
Microsoft Visual Studio Solution File, Format Version 12.00
# Visual Studio Version 17
VisualStudioVersion = 17.11.35312.102
MinimumVisualStudioVersion = 10.0.40219.1
Project("{FAE04EC0-301F-11D3-BF4B-00C04F79EFBC}") = "GaUMuoi", "GaUMuoi.csproj", "{2D73D314-4C84-4FF7-BCFB-AF999BBC84A3}"
EndProject
Global
	GlobalSection(SolutionConfigurationPlatforms) = preSolution
		Debug|Any CPU = Debug|Any CPU
		Release|Any CPU = Release|Any CPU
	EndGlobalSection
	GlobalSection(ProjectConfigurationPlatforms) = postSolution
		{2D73D314-4C84-4FF7-BCFB-AF999BBC84A3}.Debug|Any CPU.ActiveCfg = Debug|Any CPU
		{2D73D314-4C84-4FF7-BCFB-AF999BBC84A3}.Debug|Any CPU.Build.0 = Debug|Any CPU
		{2D73D314-4C84-4FF7-BCFB-AF999BBC84A3}.Release|Any CPU.ActiveCfg = Release|Any CPU
		{2D73D314-4C84-4FF7-BCFB-AF999BBC84A3}.Release|Any CPU.Build.0 = Release|Any CPU
	EndGlobalSection
	GlobalSection(SolutionProperties) = preSolution
		HideSolutionNode = FALSE
	EndGlobalSection
	GlobalSection(ExtensibilityGlobals) = postSolution
		SolutionGuid = {129A75AF-BA83-47E1-957D-5F470F172725}
	EndGlobalSection
EndGlobal
